<?xml version="1.0" encoding="utf-8"?>
<Project ToolsVersion="4.0" xmlns="http://schemas.microsoft.com/developer/msbuild/2003">
  <ItemGroup>
    <Filter Include="apx">
      <UniqueIdentifier>{ef20c995-057f-4a89-86ad-c320cc5202e3}</UniqueIdentifier>
    </Filter>
    <Filter Include="apx\include">
      <UniqueIdentifier>{fbc7038d-1b84-4e9f-8004-b1d7b11b194b}</UniqueIdentifier>
    </Filter>
    <Filter Include="bstr">
      <UniqueIdentifier>{6594d33c-fe47-4712-a662-5ec49fc5169c}</UniqueIdentifier>
    </Filter>
    <Filter Include="dtl">
      <UniqueIdentifier>{f4b7bac9-c507-4627-8c8b-4b8e6aeb4f93}</UniqueIdentifier>
    </Filter>
    <Filter Include="msocket">
      <UniqueIdentifier>{f9cda03a-7bb4-4956-9312-97b3164f3380}</UniqueIdentifier>
    </Filter>
    <Filter Include="apx\src">
      <UniqueIdentifier>{90438cab-1883-409a-accb-289883c3dd6a}</UniqueIdentifier>
    </Filter>
    <Filter Include="bstr\include">
      <UniqueIdentifier>{b96ec8e9-2795-4349-ab15-d7aaf966925a}</UniqueIdentifier>
    </Filter>
    <Filter Include="dtl\include">
      <UniqueIdentifier>{f8100460-a18f-421f-b0fa-681be305238c}</UniqueIdentifier>
    </Filter>
    <Filter Include="dtl\src">
      <UniqueIdentifier>{c3f3180f-f0f2-4a46-bfc5-9f345a3281ea}</UniqueIdentifier>
    </Filter>
    <Filter Include="msocket\include">
      <UniqueIdentifier>{6afcd4bb-eed4-47f6-a388-69c94f30b9e0}</UniqueIdentifier>
    </Filter>
    <Filter Include="msocket\src">
      <UniqueIdentifier>{6b770ce2-f7ef-46e7-aa35-a274d77304a5}</UniqueIdentifier>
    </Filter>
  </ItemGroup>
  <ItemGroup>
    <ClInclude Include="..\..\..\..\apx\include\cpp-apx\attribute_parser.h">
      <Filter>apx\include</Filter>
    </ClInclude>
    <ClInclude Include="..\..\..\..\apx\include\cpp-apx\client_connection.h">
      <Filter>apx\include</Filter>
    </ClInclude>
    <ClInclude Include="..\..\..\..\apx\include\cpp-apx\command.h">
      <Filter>apx\include</Filter>
    </ClInclude>
    <ClInclude Include="..\..\..\..\apx\include\cpp-apx\compiler.h">
      <Filter>apx\include</Filter>
    </ClInclude>
    <ClInclude Include="..\..\..\..\apx\include\cpp-apx\computation.h">
      <Filter>apx\include</Filter>
    </ClInclude>
    <ClInclude Include="..\..\..\..\apx\include\cpp-apx\data_element.h">
      <Filter>apx\include</Filter>
    </ClInclude>
    <ClInclude Include="..\..\..\..\apx\include\cpp-apx\data_signature.h">
      <Filter>apx\include</Filter>
    </ClInclude>
    <ClInclude Include="..\..\..\..\apx\include\cpp-apx\data_type.h">
      <Filter>apx\include</Filter>
    </ClInclude>
    <ClInclude Include="..\..\..\..\apx\include\cpp-apx\decoder.h">
      <Filter>apx\include</Filter>
    </ClInclude>
    <ClInclude Include="..\..\..\..\apx\include\cpp-apx\deserializer.h">
      <Filter>apx\include</Filter>
    </ClInclude>
    <ClInclude Include="..\..\..\..\apx\include\cpp-apx\error.h">
      <Filter>apx\include</Filter>
    </ClInclude>
    <ClInclude Include="..\..\..\..\apx\include\cpp-apx\file.h">
      <Filter>apx\include</Filter>
    </ClInclude>
    <ClInclude Include="..\..\..\..\apx\include\cpp-apx\file_cache.h">
      <Filter>apx\include</Filter>
    </ClInclude>
    <ClInclude Include="..\..\..\..\apx\include\cpp-apx\file_client.h">
      <Filter>apx\include</Filter>
    </ClInclude>
    <ClInclude Include="..\..\..\..\apx\include\cpp-apx\file_info.h">
      <Filter>apx\include</Filter>
    </ClInclude>
    <ClInclude Include="..\..\..\..\apx\include\cpp-apx\file_manager.h">
      <Filter>apx\include</Filter>
    </ClInclude>
    <ClInclude Include="..\..\..\..\apx\include\cpp-apx\file_manager_receiver.h">
      <Filter>apx\include</Filter>
    </ClInclude>
    <ClInclude Include="..\..\..\..\apx\include\cpp-apx\file_manager_shared.h">
      <Filter>apx\include</Filter>
    </ClInclude>
    <ClInclude Include="..\..\..\..\apx\include\cpp-apx\file_manager_worker.h">
      <Filter>apx\include</Filter>
    </ClInclude>
    <ClInclude Include="..\..\..\..\apx\include\cpp-apx\file_map.h">
      <Filter>apx\include</Filter>
    </ClInclude>
    <ClInclude Include="..\..\..\..\apx\include\cpp-apx\mock_client_connection.h">
      <Filter>apx\include</Filter>
    </ClInclude>
    <ClInclude Include="..\..\..\..\apx\include\cpp-apx\node.h">
      <Filter>apx\include</Filter>
    </ClInclude>
    <ClInclude Include="..\..\..\..\apx\include\cpp-apx\node_data.h">
      <Filter>apx\include</Filter>
    </ClInclude>
    <ClInclude Include="..\..\..\..\apx\include\cpp-apx\node_instance.h">
      <Filter>apx\include</Filter>
    </ClInclude>
    <ClInclude Include="..\..\..\..\apx\include\cpp-apx\node_manager.h">
      <Filter>apx\include</Filter>
    </ClInclude>
    <ClInclude Include="..\..\..\..\apx\include\cpp-apx\numheader.h">
      <Filter>apx\include</Filter>
    </ClInclude>
    <ClInclude Include="..\..\..\..\apx\include\cpp-apx\pack.h">
      <Filter>apx\include</Filter>
    </ClInclude>
    <ClInclude Include="..\..\..\..\apx\include\cpp-apx\parser.h">
      <Filter>apx\include</Filter>
    </ClInclude>
    <ClInclude Include="..\..\..\..\apx\include\cpp-apx\port.h">
      <Filter>apx\include</Filter>
    </ClInclude>
    <ClInclude Include="..\..\..\..\apx\include\cpp-apx\port_attribute.h">
      <Filter>apx\include</Filter>
    </ClInclude>
    <ClInclude Include="..\..\..\..\apx\include\cpp-apx\port_instance.h">
      <Filter>apx\include</Filter>
    </ClInclude>
    <ClInclude Include="..\..\..\..\apx\include\cpp-apx\program.h">
      <Filter>apx\include</Filter>
    </ClInclude>
    <ClInclude Include="..\..\..\..\apx\include\cpp-apx\remotefile.h">
      <Filter>apx\include</Filter>
    </ClInclude>
    <ClInclude Include="..\..\..\..\apx\include\cpp-apx\serializer.h">
      <Filter>apx\include</Filter>
    </ClInclude>
    <ClInclude Include="..\..\..\..\apx\include\cpp-apx\sha256.h">
      <Filter>apx\include</Filter>
    </ClInclude>
    <ClInclude Include="..\..\..\..\apx\include\cpp-apx\signature_parser.h">
      <Filter>apx\include</Filter>
    </ClInclude>
    <ClInclude Include="..\..\..\..\apx\include\cpp-apx\socket_client_connection.h">
      <Filter>apx\include</Filter>
    </ClInclude>
    <ClInclude Include="..\..\..\..\apx\include\cpp-apx\type_attribute.h">
      <Filter>apx\include</Filter>
    </ClInclude>
    <ClInclude Include="..\..\..\..\apx\include\cpp-apx\types.h">
      <Filter>apx\include</Filter>
    </ClInclude>
    <ClInclude Include="..\..\..\..\apx\include\cpp-apx\vm.h">
      <Filter>apx\include</Filter>
    </ClInclude>
    <ClInclude Include="..\..\..\..\apx\include\cpp-apx\vmdefs.h">
      <Filter>apx\include</Filter>
    </ClInclude>
    <ClInclude Include="..\..\..\..\bstr\include\bstr\bstr.hpp">
      <Filter>bstr\include</Filter>
    </ClInclude>
    <ClInclude Include="..\..\..\..\dtl\include\dtl\dtl.hpp">
      <Filter>dtl\include</Filter>
    </ClInclude>
    <ClInclude Include="..\..\..\..\msocket\inc\msocket.h">
      <Filter>msocket\include</Filter>
    </ClInclude>
    <ClInclude Include="..\..\..\..\msocket\inc\msocket_adapter.h">
      <Filter>msocket\include</Filter>
    </ClInclude>
    <ClInclude Include="..\..\..\..\msocket\inc\msocket_adt.h">
      <Filter>msocket\include</Filter>
    </ClInclude>
    <ClInclude Include="..\..\..\..\msocket\inc\msocket_server.h">
      <Filter>msocket\include</Filter>
    </ClInclude>
    <ClInclude Include="..\..\..\..\msocket\inc\osmacro.h">
      <Filter>msocket\include</Filter>
    </ClInclude>
    <ClInclude Include="..\..\..\..\msocket\inc\osutil.h">
      <Filter>msocket\include</Filter>
    </ClInclude>
    <ClInclude Include="..\..\..\..\apx\include\cpp-apx\client.h">
      <Filter>apx\include</Filter>
    </ClInclude>
    <ClInclude Include="..\..\..\..\apx\include\cpp-apx\byte_port_map.h">
      <Filter>apx\include</Filter>
    </ClInclude>
  </ItemGroup>
  <ItemGroup>
    <ClCompile Include="..\..\..\..\apx\src\attribute_parser.cpp">
      <Filter>apx\src</Filter>
    </ClCompile>
    <ClCompile Include="..\..\..\..\apx\src\client_connection.cpp">
      <Filter>apx\src</Filter>
    </ClCompile>
    <ClCompile Include="..\..\..\..\apx\src\command.cpp">
      <Filter>apx\src</Filter>
    </ClCompile>
    <ClCompile Include="..\..\..\..\apx\src\compiler.cpp">
      <Filter>apx\src</Filter>
    </ClCompile>
    <ClCompile Include="..\..\..\..\apx\src\computation.cpp">
      <Filter>apx\src</Filter>
    </ClCompile>
    <ClCompile Include="..\..\..\..\apx\src\data_element.cpp">
      <Filter>apx\src</Filter>
    </ClCompile>
    <ClCompile Include="..\..\..\..\apx\src\data_signature.cpp">
      <Filter>apx\src</Filter>
    </ClCompile>
    <ClCompile Include="..\..\..\..\apx\src\data_type.cpp">
      <Filter>apx\src</Filter>
    </ClCompile>
    <ClCompile Include="..\..\..\..\apx\src\decoder.cpp">
      <Filter>apx\src</Filter>
    </ClCompile>
    <ClCompile Include="..\..\..\..\apx\src\deserializer.cpp">
      <Filter>apx\src</Filter>
    </ClCompile>
    <ClCompile Include="..\..\..\..\apx\src\file.cpp">
      <Filter>apx\src</Filter>
    </ClCompile>
    <ClCompile Include="..\..\..\..\apx\src\file_cache.cpp">
      <Filter>apx\src</Filter>
    </ClCompile>
    <ClCompile Include="..\..\..\..\apx\src\file_client.cpp">
      <Filter>apx\src</Filter>
    </ClCompile>
    <ClCompile Include="..\..\..\..\apx\src\file_info.cpp">
      <Filter>apx\src</Filter>
    </ClCompile>
    <ClCompile Include="..\..\..\..\apx\src\file_manager.cpp">
      <Filter>apx\src</Filter>
    </ClCompile>
    <ClCompile Include="..\..\..\..\apx\src\file_manager_receiver.cpp">
      <Filter>apx\src</Filter>
    </ClCompile>
    <ClCompile Include="..\..\..\..\apx\src\file_manager_shared.cpp">
      <Filter>apx\src</Filter>
    </ClCompile>
    <ClCompile Include="..\..\..\..\apx\src\file_manager_worker.cpp">
      <Filter>apx\src</Filter>
    </ClCompile>
    <ClCompile Include="..\..\..\..\apx\src\file_map.cpp">
      <Filter>apx\src</Filter>
    </ClCompile>
    <ClCompile Include="..\..\..\..\apx\src\mock_client_connection.cpp">
      <Filter>apx\src</Filter>
    </ClCompile>
    <ClCompile Include="..\..\..\..\apx\src\node.cpp">
      <Filter>apx\src</Filter>
    </ClCompile>
    <ClCompile Include="..\..\..\..\apx\src\node_data.cpp">
      <Filter>apx\src</Filter>
    </ClCompile>
    <ClCompile Include="..\..\..\..\apx\src\node_instance.cpp">
      <Filter>apx\src</Filter>
    </ClCompile>
    <ClCompile Include="..\..\..\..\apx\src\node_manager.cpp">
      <Filter>apx\src</Filter>
    </ClCompile>
    <ClCompile Include="..\..\..\..\apx\src\numheader.cpp">
      <Filter>apx\src</Filter>
    </ClCompile>
    <ClCompile Include="..\..\..\..\apx\src\parser.cpp">
      <Filter>apx\src</Filter>
    </ClCompile>
    <ClCompile Include="..\..\..\..\apx\src\port.cpp">
      <Filter>apx\src</Filter>
    </ClCompile>
    <ClCompile Include="..\..\..\..\apx\src\port_instance.cpp">
      <Filter>apx\src</Filter>
    </ClCompile>
    <ClCompile Include="..\..\..\..\apx\src\program.cpp">
      <Filter>apx\src</Filter>
    </ClCompile>
    <ClCompile Include="..\..\..\..\apx\src\remotefile.cpp">
      <Filter>apx\src</Filter>
    </ClCompile>
    <ClCompile Include="..\..\..\..\apx\src\serializer.cpp">
      <Filter>apx\src</Filter>
    </ClCompile>
    <ClCompile Include="..\..\..\..\apx\src\sha256.cpp">
      <Filter>apx\src</Filter>
    </ClCompile>
    <ClCompile Include="..\..\..\..\apx\src\signature_parser.cpp">
      <Filter>apx\src</Filter>
    </ClCompile>
    <ClCompile Include="..\..\..\..\apx\src\socket_client_connection.cpp">
      <Filter>apx\src</Filter>
    </ClCompile>
    <ClCompile Include="..\..\..\..\apx\src\vm.cpp">
      <Filter>apx\src</Filter>
    </ClCompile>
    <ClCompile Include="..\..\..\..\dtl\src\dtl.cpp">
      <Filter>dtl\src</Filter>
    </ClCompile>
    <ClCompile Include="..\..\..\..\msocket\src\msocket.c">
      <Filter>msocket\src</Filter>
    </ClCompile>
    <ClCompile Include="..\..\..\..\msocket\src\msocket_adapter.cpp">
      <Filter>msocket\src</Filter>
    </ClCompile>
    <ClCompile Include="..\..\..\..\msocket\src\msocket_adt.c">
      <Filter>msocket\src</Filter>
    </ClCompile>
    <ClCompile Include="..\..\..\..\msocket\src\msocket_server.c">
      <Filter>msocket\src</Filter>
    </ClCompile>
    <ClCompile Include="..\..\..\..\msocket\src\osutil.c">
      <Filter>msocket\src</Filter>
    </ClCompile>
    <ClCompile Include="..\..\..\..\apx\src\client.cpp">
      <Filter>apx\src</Filter>
    </ClCompile>
    <ClCompile Include="..\..\..\..\apx\src\byte_port_map.cpp">
      <Filter>apx\src</Filter>
    </ClCompile>
  </ItemGroup>
</Project>