<?xml version="1.0" encoding="utf-8"?>
<Project ToolsVersion="4.0" xmlns="http://schemas.microsoft.com/developer/msbuild/2003">
  <ItemGroup>
    <ClCompile Include="pch.cpp" />
    <ClCompile Include="..\..\..\..\dtl\src\dtl.cpp">
      <Filter>src</Filter>
    </ClCompile>
    <ClCompile Include="..\..\..\..\dtl\test\test_dtl_av.cpp">
      <Filter>test</Filter>
    </ClCompile>
    <ClCompile Include="..\..\..\..\dtl\test\test_dtl_hv.cpp">
      <Filter>test</Filter>
    </ClCompile>
    <ClCompile Include="..\..\..\..\dtl\test\test_dtl_sv.cpp">
      <Filter>test</Filter>
    </ClCompile>
  </ItemGroup>
  <ItemGroup>
    <ClInclude Include="pch.h" />
    <ClInclude Include="..\..\..\..\dtl\include\dtl\dtl.hpp">
      <Filter>include</Filter>
    </ClInclude>
  </ItemGroup>
  <ItemGroup>
    <Filter Include="include">
      <UniqueIdentifier>{f88f747e-4185-4167-a412-6b50d1888fb5}</UniqueIdentifier>
    </Filter>
    <Filter Include="src">
      <UniqueIdentifier>{260bd35d-ba5d-4eac-ba4d-13db489007e4}</UniqueIdentifier>
    </Filter>
    <Filter Include="test">
      <UniqueIdentifier>{a38b546f-1dd2-4322-8bff-4949fb000f2b}</UniqueIdentifier>
    </Filter>
  </ItemGroup>
</Project>